{
  "name": "thumbnails-yt-bridge",
  "version": "0.0.1",
  "lockfileVersion": 3,
  "requires": true,
  "packages": {
    "": {
      "name": "thumbnails-yt-bridge",
      "version": "0.0.1",
      "dependencies": {
        "youtubei.js": "^15.0.0"
      }
    },
    "node_modules/@bufbuild/protobuf": {
      "version": "2.12.0",
      "resolved": "https://registry.npmjs.org/@bufbuild/protobuf/-/protobuf-2.12.0.tgz",
      "integrity": "sha512-B/XlCaFIP8LOwzo+bz5uFzATYokcwCKQcghqnlfwSmM5eX/qTkvDBnDPs+gXtX/RyjxJ4DRikECcPJbyALA8FA==",
      "license": "(Apache-2.0 AND BSD-3-Clause)"
    },
    "node_modules/acorn": {
      "version": "8.16.0",
      "resolved": "https://registry.npmjs.org/acorn/-/acorn-8.16.0.tgz",
      "integrity": "sha512-UVJyE9MttOsBQIDKw1skb9nAwQuR5wuGD3+82K6JgJlm/Y+KI92oNsMNGZCYdDsVtRHSak0pcV5Dno5+4jh9sw==",
      "license": "MIT",
      "bin": {
        "acorn": "bin/acorn"
      },
      "engines": {
        "node": ">=0.4.0"
      }
    },
    "node_modules/jintr": {
      "version": "3.3.1",
      "resolved": "https://registry.npmjs.org/jintr/-/jintr-3.3.1.tgz",
      "integrity": "sha512-nnOzyhf0SLpbWuZ270Omwbj5LcXUkTcZkVnK8/veJXtSZOiATM5gMZMdmzN75FmTyj+NVgrGaPdH12zIJ24oIA==",
      "funding": [
        "https://github.com/sponsors/LuanRT"
      ],
      "license": "MIT",
      "dependencies": {
        "acorn": "^8.8.0"
      }
    },
    "node_modules/undici": {
      "version": "6.25.0",
      "resolved": "https://registry.npmjs.org/undici/-/undici-6.25.0.tgz",
      "integrity": "sha512-ZgpWDC5gmNiuY9CnLVXEH8rl50xhRCuLNA97fAUnKi8RRuV4E6KG31pDTsLVUKnohJE0I3XDrTeEydAXRw47xg==",
      "license": "MIT",
      "engines": {
        "node": ">=18.17"
      }
    },
    "node_modules/youtubei.js": {
      "version": "15.1.1",
      "resolved": "https://registry.npmjs.org/youtubei.js/-/youtubei.js-15.1.1.tgz",
      "integrity": "sha512-fuEDj9Ky6cAQg93BrRVCbr+GTYNZQAIFZrx/a3oDRuGc3Mf5bS0dQfoYwwgjtSV7sgAKQEEdGtzRdBzOc8g72Q==",
      "funding": [
        "https://github.com/sponsors/LuanRT"
      ],
      "license": "MIT",
      "dependencies": {
        "@bufbuild/protobuf": "^2.0.0",
        "jintr": "^3.3.1",
        "undici": "^6.21.3"
      }
    }
  }
}
